
Microsoft Visual Studio Solution File, Format Version 12.00
# Visual Studio Version 17
VisualStudioVersion = 17.13.35825.156 d17.13
MinimumVisualStudioVersion = 10.0.40219.1
Project("{FAE04EC0-301F-11D3-BF4B-00C04F79EFBC}") = "CRUDMahasiswaADO", "CRUDMahasiswaADO\CRUDMahasiswaADO.csproj", "{28E8E7D9-E419-4AB2-B764-A08862AD21F6}"
EndProject
Global
	GlobalSection(SolutionConfigurationPlatforms) = preSolution
		Debug|Any CPU = Debug|Any CPU
		Release|Any CPU = Release|Any CPU
	EndGlobalSection
	GlobalSection(ProjectConfigurationPlatforms) = postSolution
		{28E8E7D9-E419-4AB2-B764-A08862AD21F6}.Debug|Any CPU.ActiveCfg = Debug|Any CPU
		{28E8E7D9-E419-4AB2-B764-A08862AD21F6}.Debug|Any CPU.Build.0 = Debug|Any CPU
		{28E8E7D9-E419-4AB2-B764-A08862AD21F6}.Release|Any CPU.ActiveCfg = Release|Any CPU
		{28E8E7D9-E419-4AB2-B764-A08862AD21F6}.Release|Any CPU.Build.0 = Release|Any CPU
	EndGlobalSection
	GlobalSection(SolutionProperties) = preSolution
		HideSolutionNode = FALSE
	EndGlobalSection
	GlobalSection(ExtensibilityGlobals) = postSolution
		SolutionGuid = {FF850701-1DE7-45C6-B5B5-D1E27221179B}
	EndGlobalSection
EndGlobal
